
Microsoft Visual Studio Solution File, Format Version 12.00
# Visual Studio Version 17
VisualStudioVersion = 17.8.34309.116
MinimumVisualStudioVersion = 10.0.40219.1
Project("{FAE04EC0-301F-11D3-BF4B-00C04F79EFBC}") = "Projekt_system_zarzadzania_kursami_na_uczelni", "Projekt_system_zarzadzania_kursami_na_uczelni.csproj", "{ECA64FD7-C4C0-40D3-9F77-7D15E6D3F81F}"
EndProject
Global
	GlobalSection(SolutionConfigurationPlatforms) = preSolution
		Debug|Any CPU = Debug|Any CPU
		Release|Any CPU = Release|Any CPU
	EndGlobalSection
	GlobalSection(ProjectConfigurationPlatforms) = postSolution
		{ECA64FD7-C4C0-40D3-9F77-7D15E6D3F81F}.Debug|Any CPU.ActiveCfg = Debug|Any CPU
		{ECA64FD7-C4C0-40D3-9F77-7D15E6D3F81F}.Debug|Any CPU.Build.0 = Debug|Any CPU
		{ECA64FD7-C4C0-40D3-9F77-7D15E6D3F81F}.Release|Any CPU.ActiveCfg = Release|Any CPU
		{ECA64FD7-C4C0-40D3-9F77-7D15E6D3F81F}.Release|Any CPU.Build.0 = Release|Any CPU
	EndGlobalSection
	GlobalSection(SolutionProperties) = preSolution
		HideSolutionNode = FALSE
	EndGlobalSection
	GlobalSection(ExtensibilityGlobals) = postSolution
		SolutionGuid = {0BDE4A4C-291C-49B6-A112-FA37839FC986}
	EndGlobalSection
EndGlobal
